
Microsoft Visual Studio Solution File, Format Version 12.00
# Visual Studio Version 16
VisualStudioVersion = 16.0.30621.155
MinimumVisualStudioVersion = 10.0.40219.1
Project("{FAE04EC0-301F-11D3-BF4B-00C04F79EFBC}") = "day3flags", "day3flags.csproj", "{51D52645-FB23-4747-845D-1433F558D517}"
EndProject
Global
	GlobalSection(SolutionConfigurationPlatforms) = preSolution
		Debug|Any CPU = Debug|Any CPU
		Release|Any CPU = Release|Any CPU
	EndGlobalSection
	GlobalSection(ProjectConfigurationPlatforms) = postSolution
		{51D52645-FB23-4747-845D-1433F558D517}.Debug|Any CPU.ActiveCfg = Debug|Any CPU
		{51D52645-FB23-4747-845D-1433F558D517}.Debug|Any CPU.Build.0 = Debug|Any CPU
		{51D52645-FB23-4747-845D-1433F558D517}.Release|Any CPU.ActiveCfg = Release|Any CPU
		{51D52645-FB23-4747-845D-1433F558D517}.Release|Any CPU.Build.0 = Release|Any CPU
	EndGlobalSection
	GlobalSection(SolutionProperties) = preSolution
		HideSolutionNode = FALSE
	EndGlobalSection
	GlobalSection(ExtensibilityGlobals) = postSolution
		SolutionGuid = {0A3B96E8-26BC-4274-9940-125D481A170F}
	EndGlobalSection
EndGlobal
